
Microsoft Visual Studio Solution File, Format Version 12.00
# Visual Studio 2013
VisualStudioVersion = 12.0.30110.0
MinimumVisualStudioVersion = 10.0.40219.1
Project("{FAE04EC0-301F-11D3-BF4B-00C04F79EFBC}") = "Messages", "Messages\Messages.csproj", "{98B902C9-D437-4FCC-9B84-5A16D210BBFC}"
EndProject
Project("{FAE04EC0-301F-11D3-BF4B-00C04F79EFBC}") = "ToDoService", "ToDoService\ToDoService.csproj", "{C9824997-A723-428D-9783-650D7F9A6F8F}"
EndProject
Project("{FAE04EC0-301F-11D3-BF4B-00C04F79EFBC}") = "TodoApp", "TodoApp\TodoApp.csproj", "{0A6486FF-549B-464D-988B-728127709EE7}"
EndProject
Project("{FAE04EC0-301F-11D3-BF4B-00C04F79EFBC}") = "ToDoList", "ToDoList\ToDoList.csproj", "{498FAB79-CE1E-4805-BE32-EF55578B114E}"
EndProject
Project("{2150E333-8FDC-42A3-9474-1A3956D46DE8}") = ".nuget", ".nuget", "{B91073FE-CF7A-4208-BE25-01278B97BA18}"
	ProjectSection(SolutionItems) = preProject
		.nuget\NuGet.Config = .nuget\NuGet.Config
		.nuget\NuGet.exe = .nuget\NuGet.exe
		.nuget\NuGet.targets = .nuget\NuGet.targets
	EndProjectSection
EndProject
Global
	GlobalSection(SolutionConfigurationPlatforms) = preSolution
		Debug|Any CPU = Debug|Any CPU
		Release|Any CPU = Release|Any CPU
	EndGlobalSection
	GlobalSection(ProjectConfigurationPlatforms) = postSolution
		{98B902C9-D437-4FCC-9B84-5A16D210BBFC}.Debug|Any CPU.ActiveCfg = Debug|Any CPU
		{98B902C9-D437-4FCC-9B84-5A16D210BBFC}.Debug|Any CPU.Build.0 = Debug|Any CPU
		{98B902C9-D437-4FCC-9B84-5A16D210BBFC}.Release|Any CPU.ActiveCfg = Release|Any CPU
		{98B902C9-D437-4FCC-9B84-5A16D210BBFC}.Release|Any CPU.Build.0 = Release|Any CPU
		{C9824997-A723-428D-9783-650D7F9A6F8F}.Debug|Any CPU.ActiveCfg = Debug|Any CPU
		{C9824997-A723-428D-9783-650D7F9A6F8F}.Debug|Any CPU.Build.0 = Debug|Any CPU
		{C9824997-A723-428D-9783-650D7F9A6F8F}.Release|Any CPU.ActiveCfg = Release|Any CPU
		{C9824997-A723-428D-9783-650D7F9A6F8F}.Release|Any CPU.Build.0 = Release|Any CPU
		{0A6486FF-549B-464D-988B-728127709EE7}.Debug|Any CPU.ActiveCfg = Debug|Any CPU
		{0A6486FF-549B-464D-988B-728127709EE7}.Debug|Any CPU.Build.0 = Debug|Any CPU
		{0A6486FF-549B-464D-988B-728127709EE7}.Release|Any CPU.ActiveCfg = Release|Any CPU
		{0A6486FF-549B-464D-988B-728127709EE7}.Release|Any CPU.Build.0 = Release|Any CPU
		{498FAB79-CE1E-4805-BE32-EF55578B114E}.Debug|Any CPU.ActiveCfg = Debug|Any CPU
		{498FAB79-CE1E-4805-BE32-EF55578B114E}.Debug|Any CPU.Build.0 = Debug|Any CPU
		{498FAB79-CE1E-4805-BE32-EF55578B114E}.Release|Any CPU.ActiveCfg = Release|Any CPU
		{498FAB79-CE1E-4805-BE32-EF55578B114E}.Release|Any CPU.Build.0 = Release|Any CPU
	EndGlobalSection
	GlobalSection(SolutionProperties) = preSolution
		HideSolutionNode = FALSE
	EndGlobalSection
EndGlobal
